// !$*UTF8*$!
{
	archiveVersion = 1;
	classes = {
	};
	objectVersion = 46;
	objects = {

/* Begin PBXBuildFile section */
		CEA144F31F3EE8E400D40E5D /* ToastManager.m in Sources */ = {isa = PBXBuildFile; fileRef = CEA144F21F3EE8E400D40E5D /* ToastManager.m */; };
		CEA144F41F3EE8E400D40E5D /* ToastManager.h in CopyFiles */ = {isa = PBXBuildFile; fileRef = CEA144F11F3EE8E400D40E5D /* ToastManager.h */; };
		CEA144FC1F3EE91100D40E5D /* UIView+Toast.m in Sources */ = {isa = PBXBuildFile; fileRef = CEA144FA1F3EE91100D40E5D /* UIView+Toast.m */; };
		CEA144FF1F3EEAC600D40E5D /* QuartzCore.framework in Frameworks */ = {isa = PBXBuildFile; fileRef = CEA144FE1F3EEAC600D40E5D /* QuartzCore.framework */; };
/* End PBXBuildFile section */

/* Begin PBXCopyFilesBuildPhase section */
		CEA144EC1F3EE8E400D40E5D /* CopyFiles */ = {
			isa = PBXCopyFilesBuildPhase;
			buildActionMask = 2147483647;
			dstPath = "include/$(PRODUCT_NAME)";
			dstSubfolderSpec = 16;
			files = (
				CEA144F41F3EE8E400D40E5D /* ToastManager.h in CopyFiles */,
			);
			runOnlyForDeploymentPostprocessing = 0;
		};
/* End PBXCopyFilesBuildPhase section */

/* Begin PBXFileReference section */
		CEA144EE1F3EE8E400D40E5D /* libRCTToast.a */ = {isa = PBXFileReference; explicitFileType = archive.ar; includeInIndex = 0; path = libRCTToast.a; sourceTree = BUILT_PRODUCTS_DIR; };
		CEA144F11F3EE8E400D40E5D /* ToastManager.h */ = {isa = PBXFileReference; lastKnownFileType = sourcecode.c.h; path = ToastManager.h; sourceTree = "<group>"; };
		CEA144F21F3EE8E400D40E5D /* ToastManager.m */ = {isa = PBXFileReference; lastKnownFileType = sourcecode.c.objc; path = ToastManager.m; sourceTree = "<group>"; };
		CEA144FA1F3EE91100D40E5D /* UIView+Toast.m */ = {isa = PBXFileReference; fileEncoding = 4; lastKnownFileType = sourcecode.c.objc; path = "UIView+Toast.m"; sourceTree = "<group>"; };
		CEA144FB1F3EE91100D40E5D /* UIView+Toast.h */ = {isa = PBXFileReference; fileEncoding = 4; lastKnownFileType = sourcecode.c.h; path = "UIView+Toast.h"; sourceTree = "<group>"; };
		CEA144FE1F3EEAC600D40E5D /* QuartzCore.framework */ = {isa = PBXFileReference; lastKnownFileType = wrapper.framework; name = QuartzCore.framework; path = System/Library/Frameworks/QuartzCore.framework; sourceTree = SDKROOT; };
/* End PBXFileReference section */

/* Begin PBXFrameworksBuildPhase section */
		CEA144EB1F3EE8E400D40E5D /* Frameworks */ = {
			isa = PBXFrameworksBuildPhase;
			buildActionMask = 2147483647;
			files = (
				CEA144FF1F3EEAC600D40E5D /* QuartzCore.framework in Frameworks */,
			);
			runOnlyForDeploymentPostprocessing = 0;
		};
/* End PBXFrameworksBuildPhase section */

/* Begin PBXGroup section */
		CEA144E51F3EE8E400D40E5D = {
			isa = PBXGroup;
			children = (
				CEA144F01F3EE8E400D40E5D /* RCTToast */,
				CEA144EF1F3EE8E400D40E5D /* Products */,
				CEA144FD1F3EEAC600D40E5D /* Frameworks */,
			);
			sourceTree = "<group>";
		};
		CEA144EF1F3EE8E400D40E5D /* Products */ = {
			isa = PBXGroup;
			children = (
				CEA144EE1F3EE8E400D40E5D /* libRCTToast.a */,
			);
			name = Products;
			sourceTree = "<group>";
		};
		CEA144F01F3EE8E400D40E5D /* RCTToast */ = {
			isa = PBXGroup;
			children = (
				CEA144FA1F3EE91100D40E5D /* UIView+Toast.m */,
				CEA144FB1F3EE91100D40E5D /* UIView+Toast.h */,
				CEA144F11F3EE8E400D40E5D /* ToastManager.h */,
				CEA144F21F3EE8E400D40E5D /* ToastManager.m */,
			);
			path = RCTToast;
			sourceTree = "<group>";
		};
		CEA144FD1F3EEAC600D40E5D /* Frameworks */ = {
			isa = PBXGroup;
			children = (
				CEA144FE1F3EEAC600D40E5D /* QuartzCore.framework */,
			);
			name = Frameworks;
			sourceTree = "<group>";
		};
/* End PBXGroup section */

/* Begin PBXNativeTarget section */
		CEA144ED1F3EE8E400D40E5D /* RCTToast */ = {
			isa = PBXNativeTarget;
			buildConfigurationList = CEA144F71F3EE8E400D40E5D /* Build configuration list for PBXNativeTarget "RCTToast" */;
			buildPhases = (
				CEA144EA1F3EE8E400D40E5D /* Sources */,
				CEA144EB1F3EE8E400D40E5D /* Frameworks */,
				CEA144EC1F3EE8E400D40E5D /* CopyFiles */,
			);
			buildRules = (
			);
			dependencies = (
			);
			name = RCTToast;
			productName = RCTToast;
			productReference = CEA144EE1F3EE8E400D40E5D /* libRCTToast.a */;
			productType = "com.apple.product-type.library.static";
		};
/* End PBXNativeTarget section */

/* Begin PBXProject section */
		CEA144E61F3EE8E400D40E5D /* Project object */ = {
			isa = PBXProject;
			attributes = {
				LastUpgradeCheck = 0830;
				ORGANIZATIONNAME = hello;
				TargetAttributes = {
					CEA144ED1F3EE8E400D40E5D = {
						CreatedOnToolsVersion = 8.3.2;
						ProvisioningStyle = Automatic;
					};
				};
			};
			buildConfigurationList = CEA144E91F3EE8E400D40E5D /* Build configuration list for PBXProject "RCTToast" */;
			compatibilityVersion = "Xcode 3.2";
			developmentRegion = English;
			hasScannedForEncodings = 0;
			knownRegions = (
				en,
			);
			mainGroup = CEA144E51F3EE8E400D40E5D;
			productRefGroup = CEA144EF1F3EE8E400D40E5D /* Products */;
			projectDirPath = "";
			projectRoot = "";
			targets = (
				CEA144ED1F3EE8E400D40E5D /* RCTToast */,
			);
		};
/* End PBXProject section */

/* Begin PBXSourcesBuildPhase section */
		CEA144EA1F3EE8E400D40E5D /* Sources */ = {
			isa = PBXSourcesBuildPhase;
			buildActionMask = 2147483647;
			files = (
				CEA144FC1F3EE91100D40E5D /* UIView+Toast.m in Sources */,
				CEA144F31F3EE8E400D40E5D /* ToastManager.m in Sources */,
			);
			runOnlyForDeploymentPostprocessing = 0;
		};
/* End PBXSourcesBuildPhase section */

/* Begin XCBuildConfiguration section */
		CEA144F51F3EE8E400D40E5D /* Debug */ = {
			isa = XCBuildConfiguration;
			buildSettings = {
				ALWAYS_SEARCH_USER_PATHS = NO;
				CLANG_ANALYZER_NONNULL = YES;
				CLANG_ANALYZER_NUMBER_OBJECT_CONVERSION = YES_AGGRESSIVE;
				CLANG_CXX_LANGUAGE_STANDARD = "gnu++0x";
				CLANG_CXX_LIBRARY = "libc++";
				CLANG_ENABLE_MODULES = YES;
				CLANG_ENABLE_OBJC_ARC = YES;
				CLANG_WARN_BOOL_CONVERSION = YES;
				CLANG_WARN_CONSTANT_CONVERSION = YES;
				CLANG_WARN_DIRECT_OBJC_ISA_USAGE = YES_ERROR;
				CLANG_WARN_DOCUMENTATION_COMMENTS = YES;
				CLANG_WARN_EMPTY_BODY = YES;
				CLANG_WARN_ENUM_CONVERSION = YES;
				CLANG_WARN_INFINITE_RECURSION = YES;
				CLANG_WARN_INT_CONVERSION = YES;
				CLANG_WARN_OBJC_ROOT_CLASS = YES_ERROR;
				CLANG_WARN_SUSPICIOUS_MOVE = YES;
				CLANG_WARN_UNREACHABLE_CODE = YES;
				CLANG_WARN__DUPLICATE_METHOD_MATCH = YES;
				"CODE_SIGN_IDENTITY[sdk=iphoneos*]" = "iPhone Developer";
				COPY_PHASE_STRIP = NO;
				DEBUG_INFORMATION_FORMAT = dwarf;
				ENABLE_STRICT_OBJC_MSGSEND = YES;
				ENABLE_TESTABILITY = YES;
				GCC_C_LANGUAGE_STANDARD = gnu99;
				GCC_DYNAMIC_NO_PIC = NO;
				GCC_NO_COMMON_BLOCKS = YES;
				GCC_OPTIMIZATION_LEVEL = 0;
				GCC_PREPROCESSOR_DEFINITIONS = (
					"DEBUG=1",
					"$(inherited)",
				);
				GCC_WARN_64_TO_32_BIT_CONVERSION = YES;
				GCC_WARN_ABOUT_RETURN_TYPE = YES_ERROR;
				GCC_WARN_UNDECLARED_SELECTOR = YES;
				GCC_WARN_UNINITIALIZED_AUTOS = YES_AGGRESSIVE;
				GCC_WARN_UNUSED_FUNCTION = YES;
				GCC_WARN_UNUSED_VARIABLE = YES;
				IPHONEOS_DEPLOYMENT_TARGET = 8.0;
				MTL_ENABLE_DEBUG_INFO = YES;
				ONLY_ACTIVE_ARCH = YES;
				SDKROOT = iphoneos;
			};
			name = Debug;
		};
		CEA144F61F3EE8E400D40E5D /* Release */ = {
			isa = XCBuildConfiguration;
			buildSettings = {
				ALWAYS_SEARCH_USER_PATHS = NO;
				CLANG_ANALYZER_NONNULL = YES;
				CLANG_ANALYZER_NUMBER_OBJECT_CONVERSION = YES_AGGRESSIVE;
				CLANG_CXX_LANGUAGE_STANDARD = "gnu++0x";
				CLANG_CXX_LIBRARY = "libc++";
				CLANG_ENABLE_MODULES = YES;
				CLANG_ENABLE_OBJC_ARC = YES;
				CLANG_WARN_BOOL_CONVERSION = YES;
				CLANG_WARN_CONSTANT_CONVERSION = YES;
				CLANG_WARN_DIRECT_OBJC_ISA_USAGE = YES_ERROR;
				CLANG_WARN_DOCUMENTATION_COMMENTS = YES;
				CLANG_WARN_EMPTY_BODY = YES;
				CLANG_WARN_ENUM_CONVERSION = YES;
				CLANG_WARN_INFINITE_RECURSION = YES;
				CLANG_WARN_INT_CONVERSION = YES;
				CLANG_WARN_OBJC_ROOT_CLASS = YES_ERROR;
				CLANG_WARN_SUSPICIOUS_MOVE = YES;
				CLANG_WARN_UNREACHABLE_CODE = YES;
				CLANG_WARN__DUPLICATE_METHOD_MATCH = YES;
				"CODE_SIGN_IDENTITY[sdk=iphoneos*]" = "iPhone Developer";
				COPY_PHASE_STRIP = NO;
				DEBUG_INFORMATION_FORMAT = "dwarf-with-dsym";
				ENABLE_NS_ASSERTIONS = NO;
				ENABLE_STRICT_OBJC_MSGSEND = YES;
				GCC_C_LANGUAGE_STANDARD = gnu99;
				GCC_NO_COMMON_BLOCKS = YES;
				GCC_WARN_64_TO_32_BIT_CONVERSION = YES;
				GCC_WARN_ABOUT_RETURN_TYPE = YES_ERROR;
				GCC_WARN_UNDECLARED_SELECTOR = YES;
				GCC_WARN_UNINITIALIZED_AUTOS = YES_AGGRESSIVE;
				GCC_WARN_UNUSED_FUNCTION = YES;
				GCC_WARN_UNUSED_VARIABLE = YES;
				IPHONEOS_DEPLOYMENT_TARGET = 8.0;
				MTL_ENABLE_DEBUG_INFO = NO;
				SDKROOT = iphoneos;
				VALIDATE_PRODUCT = YES;
			};
			name = Release;
		};
		CEA144F81F3EE8E400D40E5D /* Debug */ = {
			isa = XCBuildConfiguration;
			buildSettings = {
				OTHER_LDFLAGS = "-ObjC";
				PRODUCT_NAME = "$(TARGET_NAME)";
				SKIP_INSTALL = YES;
			};
			name = Debug;
		};
		CEA144F91F3EE8E400D40E5D /* Release */ = {
			isa = XCBuildConfiguration;
			buildSettings = {
				OTHER_LDFLAGS = "-ObjC";
				PRODUCT_NAME = "$(TARGET_NAME)";
				SKIP_INSTALL = YES;
			};
			name = Release;
		};
/* End XCBuildConfiguration section */

/* Begin XCConfigurationList section */
		CEA144E91F3EE8E400D40E5D /* Build configuration list for PBXProject "RCTToast" */ = {
			isa = XCConfigurationList;
			buildConfigurations = (
				CEA144F51F3EE8E400D40E5D /* Debug */,
				CEA144F61F3EE8E400D40E5D /* Release */,
			);
			defaultConfigurationIsVisible = 0;
			defaultConfigurationName = Release;
		};
		CEA144F71F3EE8E400D40E5D /* Build configuration list for PBXNativeTarget "RCTToast" */ = {
			isa = XCConfigurationList;
			buildConfigurations = (
				CEA144F81F3EE8E400D40E5D /* Debug */,
				CEA144F91F3EE8E400D40E5D /* Release */,
			);
			defaultConfigurationIsVisible = 0;
			defaultConfigurationName = Release;
		};
/* End XCConfigurationList section */
	};
	rootObject = CEA144E61F3EE8E400D40E5D /* Project object */;
}
